// !$*UTF8*$!
{
	archiveVersion = 1;
	classes = {
	};
	objectVersion = 55;
	objects = {

/* Begin PBXBuildFile section */
		BE0DF70E268BBAFB00AA8D42 /* landmarkData.json in Resources */ = {isa = PBXBuildFile; fileRef = BE0DF70D268BBAFB00AA8D42 /* landmarkData.json */; };
		BE0DF710268BBB2700AA8D42 /* Landmark1.swift in Sources */ = {isa = PBXBuildFile; fileRef = BE0DF70F268BBB2700AA8D42 /* Landmark1.swift */; };
		BE0DF712268BBDAA00AA8D42 /* ModelData.swift in Sources */ = {isa = PBXBuildFile; fileRef = BE0DF711268BBDAA00AA8D42 /* ModelData.swift */; };
		BE0DF717268BBEC300AA8D42 /* Landmark1Row.swift in Sources */ = {isa = PBXBuildFile; fileRef = BE0DF716268BBEC300AA8D42 /* Landmark1Row.swift */; };
		BE0DF719268BC14B00AA8D42 /* Landmark1List.swift in Sources */ = {isa = PBXBuildFile; fileRef = BE0DF718268BC14B00AA8D42 /* Landmark1List.swift */; };
		BE0DF71B268BC33000AA8D42 /* Landmark1Detail.swift in Sources */ = {isa = PBXBuildFile; fileRef = BE0DF71A268BC33000AA8D42 /* Landmark1Detail.swift */; };
		BE6CEC6C268A8C5F00C30C21 /* Landmarks1App.swift in Sources */ = {isa = PBXBuildFile; fileRef = BE6CEC6B268A8C5F00C30C21 /* Landmarks1App.swift */; };
		BE6CEC6E268A8C5F00C30C21 /* ContentView.swift in Sources */ = {isa = PBXBuildFile; fileRef = BE6CEC6D268A8C5F00C30C21 /* ContentView.swift */; };
		BE6CEC70268A8C6200C30C21 /* Assets.xcassets in Resources */ = {isa = PBXBuildFile; fileRef = BE6CEC6F268A8C6200C30C21 /* Assets.xcassets */; };
		BE6CEC73268A8C6200C30C21 /* Preview Assets.xcassets in Resources */ = {isa = PBXBuildFile; fileRef = BE6CEC72268A8C6200C30C21 /* Preview Assets.xcassets */; };
		BE6CEC7A268A973700C30C21 /* CircleImage.swift in Sources */ = {isa = PBXBuildFile; fileRef = BE6CEC79268A973600C30C21 /* CircleImage.swift */; };
		BE6CEC7C268AC62500C30C21 /* MapView.swift in Sources */ = {isa = PBXBuildFile; fileRef = BE6CEC7B268AC62400C30C21 /* MapView.swift */; };
/* End PBXBuildFile section */

/* Begin PBXFileReference section */
		BE0DF70D268BBAFB00AA8D42 /* landmarkData.json */ = {isa = PBXFileReference; fileEncoding = 4; lastKnownFileType = text.json; path = landmarkData.json; sourceTree = "<group>"; };
		BE0DF70F268BBB2700AA8D42 /* Landmark1.swift */ = {isa = PBXFileReference; lastKnownFileType = sourcecode.swift; path = Landmark1.swift; sourceTree = "<group>"; };
		BE0DF711268BBDAA00AA8D42 /* ModelData.swift */ = {isa = PBXFileReference; lastKnownFileType = sourcecode.swift; path = ModelData.swift; sourceTree = "<group>"; };
		BE0DF716268BBEC300AA8D42 /* Landmark1Row.swift */ = {isa = PBXFileReference; lastKnownFileType = sourcecode.swift; path = Landmark1Row.swift; sourceTree = "<group>"; };
		BE0DF718268BC14B00AA8D42 /* Landmark1List.swift */ = {isa = PBXFileReference; lastKnownFileType = sourcecode.swift; path = Landmark1List.swift; sourceTree = "<group>"; };
		BE0DF71A268BC33000AA8D42 /* Landmark1Detail.swift */ = {isa = PBXFileReference; lastKnownFileType = sourcecode.swift; path = Landmark1Detail.swift; sourceTree = "<group>"; };
		BE0DF71C268BC4DA00AA8D42 /* Landmarks1.entitlements */ = {isa = PBXFileReference; lastKnownFileType = text.plist.entitlements; path = Landmarks1.entitlements; sourceTree = "<group>"; };
		BE6CEC68268A8C5F00C30C21 /* Landmarks1.app */ = {isa = PBXFileReference; explicitFileType = wrapper.application; includeInIndex = 0; path = Landmarks1.app; sourceTree = BUILT_PRODUCTS_DIR; };
		BE6CEC6B268A8C5F00C30C21 /* Landmarks1App.swift */ = {isa = PBXFileReference; lastKnownFileType = sourcecode.swift; path = Landmarks1App.swift; sourceTree = "<group>"; };
		BE6CEC6D268A8C5F00C30C21 /* ContentView.swift */ = {isa = PBXFileReference; lastKnownFileType = sourcecode.swift; path = ContentView.swift; sourceTree = "<group>"; };
		BE6CEC6F268A8C6200C30C21 /* Assets.xcassets */ = {isa = PBXFileReference; lastKnownFileType = folder.assetcatalog; path = Assets.xcassets; sourceTree = "<group>"; };
		BE6CEC72268A8C6200C30C21 /* Preview Assets.xcassets */ = {isa = PBXFileReference; lastKnownFileType = folder.assetcatalog; path = "Preview Assets.xcassets"; sourceTree = "<group>"; };
		BE6CEC79268A973600C30C21 /* CircleImage.swift */ = {isa = PBXFileReference; lastKnownFileType = sourcecode.swift; path = CircleImage.swift; sourceTree = "<group>"; };
		BE6CEC7B268AC62400C30C21 /* MapView.swift */ = {isa = PBXFileReference; lastKnownFileType = sourcecode.swift; path = MapView.swift; sourceTree = "<group>"; };
/* End PBXFileReference section */

/* Begin PBXFrameworksBuildPhase section */
		BE6CEC65268A8C5F00C30C21 /* Frameworks */ = {
			isa = PBXFrameworksBuildPhase;
			buildActionMask = 2147483647;
			files = (
			);
			runOnlyForDeploymentPostprocessing = 0;
		};
/* End PBXFrameworksBuildPhase section */

/* Begin PBXGroup section */
		BE0DF713268BBE2500AA8D42 /* Views */ = {
			isa = PBXGroup;
			children = (
				BE6CEC6D268A8C5F00C30C21 /* ContentView.swift */,
				BE6CEC79268A973600C30C21 /* CircleImage.swift */,
				BE6CEC7B268AC62400C30C21 /* MapView.swift */,
				BE0DF716268BBEC300AA8D42 /* Landmark1Row.swift */,
				BE0DF718268BC14B00AA8D42 /* Landmark1List.swift */,
				BE0DF71A268BC33000AA8D42 /* Landmark1Detail.swift */,
			);
			path = Views;
			sourceTree = "<group>";
		};
		BE0DF714268BBE4300AA8D42 /* Model */ = {
			isa = PBXGroup;
			children = (
				BE0DF711268BBDAA00AA8D42 /* ModelData.swift */,
				BE0DF70F268BBB2700AA8D42 /* Landmark1.swift */,
			);
			path = Model;
			sourceTree = "<group>";
		};
		BE0DF715268BBE5700AA8D42 /* Resources */ = {
			isa = PBXGroup;
			children = (
				BE6CEC6F268A8C6200C30C21 /* Assets.xcassets */,
				BE0DF70D268BBAFB00AA8D42 /* landmarkData.json */,
			);
			path = Resources;
			sourceTree = "<group>";
		};
		BE6CEC5F268A8C5F00C30C21 = {
			isa = PBXGroup;
			children = (
				BE6CEC6A268A8C5F00C30C21 /* Landmarks1 */,
				BE6CEC69268A8C5F00C30C21 /* Products */,
			);
			sourceTree = "<group>";
		};
		BE6CEC69268A8C5F00C30C21 /* Products */ = {
			isa = PBXGroup;
			children = (
				BE6CEC68268A8C5F00C30C21 /* Landmarks1.app */,
			);
			name = Products;
			sourceTree = "<group>";
		};
		BE6CEC6A268A8C5F00C30C21 /* Landmarks1 */ = {
			isa = PBXGroup;
			children = (
				BE0DF71C268BC4DA00AA8D42 /* Landmarks1.entitlements */,
				BE6CEC6B268A8C5F00C30C21 /* Landmarks1App.swift */,
				BE0DF713268BBE2500AA8D42 /* Views */,
				BE0DF714268BBE4300AA8D42 /* Model */,
				BE0DF715268BBE5700AA8D42 /* Resources */,
				BE6CEC71268A8C6200C30C21 /* Preview Content */,
			);
			path = Landmarks1;
			sourceTree = "<group>";
		};
		BE6CEC71268A8C6200C30C21 /* Preview Content */ = {
			isa = PBXGroup;
			children = (
				BE6CEC72268A8C6200C30C21 /* Preview Assets.xcassets */,
			);
			path = "Preview Content";
			sourceTree = "<group>";
		};
/* End PBXGroup section */

/* Begin PBXNativeTarget section */
		BE6CEC67268A8C5F00C30C21 /* Landmarks1 */ = {
			isa = PBXNativeTarget;
			buildConfigurationList = BE6CEC76268A8C6200C30C21 /* Build configuration list for PBXNativeTarget "Landmarks1" */;
			buildPhases = (
				BE6CEC64268A8C5F00C30C21 /* Sources */,
				BE6CEC65268A8C5F00C30C21 /* Frameworks */,
				BE6CEC66268A8C5F00C30C21 /* Resources */,
			);
			buildRules = (
			);
			dependencies = (
			);
			name = Landmarks1;
			productName = Landmarks1;
			productReference = BE6CEC68268A8C5F00C30C21 /* Landmarks1.app */;
			productType = "com.apple.product-type.application";
		};
/* End PBXNativeTarget section */

/* Begin PBXProject section */
		BE6CEC60268A8C5F00C30C21 /* Project object */ = {
			isa = PBXProject;
			attributes = {
				BuildIndependentTargetsInParallel = 1;
				LastSwiftUpdateCheck = 1300;
				LastUpgradeCheck = 1300;
				TargetAttributes = {
					BE6CEC67268A8C5F00C30C21 = {
						CreatedOnToolsVersion = 13.0;
					};
				};
			};
			buildConfigurationList = BE6CEC63268A8C5F00C30C21 /* Build configuration list for PBXProject "Landmarks1" */;
			compatibilityVersion = "Xcode 13.0";
			developmentRegion = en;
			hasScannedForEncodings = 0;
			knownRegions = (
				en,
				Base,
			);
			mainGroup = BE6CEC5F268A8C5F00C30C21;
			productRefGroup = BE6CEC69268A8C5F00C30C21 /* Products */;
			projectDirPath = "";
			projectRoot = "";
			targets = (
				BE6CEC67268A8C5F00C30C21 /* Landmarks1 */,
			);
		};
/* End PBXProject section */

/* Begin PBXResourcesBuildPhase section */
		BE6CEC66268A8C5F00C30C21 /* Resources */ = {
			isa = PBXResourcesBuildPhase;
			buildActionMask = 2147483647;
			files = (
				BE6CEC73268A8C6200C30C21 /* Preview Assets.xcassets in Resources */,
				BE6CEC70268A8C6200C30C21 /* Assets.xcassets in Resources */,
				BE0DF70E268BBAFB00AA8D42 /* landmarkData.json in Resources */,
			);
			runOnlyForDeploymentPostprocessing = 0;
		};
/* End PBXResourcesBuildPhase section */

/* Begin PBXSourcesBuildPhase section */
		BE6CEC64268A8C5F00C30C21 /* Sources */ = {
			isa = PBXSourcesBuildPhase;
			buildActionMask = 2147483647;
			files = (
				BE0DF71B268BC33000AA8D42 /* Landmark1Detail.swift in Sources */,
				BE0DF710268BBB2700AA8D42 /* Landmark1.swift in Sources */,
				BE6CEC6E268A8C5F00C30C21 /* ContentView.swift in Sources */,
				BE6CEC7C268AC62500C30C21 /* MapView.swift in Sources */,
				BE0DF717268BBEC300AA8D42 /* Landmark1Row.swift in Sources */,
				BE6CEC6C268A8C5F00C30C21 /* Landmarks1App.swift in Sources */,
				BE0DF719268BC14B00AA8D42 /* Landmark1List.swift in Sources */,
				BE6CEC7A268A973700C30C21 /* CircleImage.swift in Sources */,
				BE0DF712268BBDAA00AA8D42 /* ModelData.swift in Sources */,
			);
			runOnlyForDeploymentPostprocessing = 0;
		};
/* End PBXSourcesBuildPhase section */

/* Begin XCBuildConfiguration section */
		BE6CEC74268A8C6200C30C21 /* Debug */ = {
			isa = XCBuildConfiguration;
			buildSettings = {
				ALWAYS_SEARCH_USER_PATHS = NO;
				CLANG_ANALYZER_NONNULL = YES;
				CLANG_ANALYZER_NUMBER_OBJECT_CONVERSION = YES_AGGRESSIVE;
				CLANG_CXX_LANGUAGE_STANDARD = "gnu++14";
				CLANG_CXX_LIBRARY = "libc++";
				CLANG_ENABLE_MODULES = YES;
				CLANG_ENABLE_OBJC_ARC = YES;
				CLANG_ENABLE_OBJC_WEAK = YES;
				CLANG_WARN_BLOCK_CAPTURE_AUTORELEASING = YES;
				CLANG_WARN_BOOL_CONVERSION = YES;
				CLANG_WARN_COMMA = YES;
				CLANG_WARN_CONSTANT_CONVERSION = YES;
				CLANG_WARN_DEPRECATED_OBJC_IMPLEMENTATIONS = YES;
				CLANG_WARN_DIRECT_OBJC_ISA_USAGE = YES_ERROR;
				CLANG_WARN_DOCUMENTATION_COMMENTS = YES;
				CLANG_WARN_EMPTY_BODY = YES;
				CLANG_WARN_ENUM_CONVERSION = YES;
				CLANG_WARN_INFINITE_RECURSION = YES;
				CLANG_WARN_INT_CONVERSION = YES;
				CLANG_WARN_NON_LITERAL_NULL_CONVERSION = YES;
				CLANG_WARN_OBJC_IMPLICIT_RETAIN_SELF = YES;
				CLANG_WARN_OBJC_LITERAL_CONVERSION = YES;
				CLANG_WARN_OBJC_ROOT_CLASS = YES_ERROR;
				CLANG_WARN_QUOTED_INCLUDE_IN_FRAMEWORK_HEADER = YES;
				CLANG_WARN_RANGE_LOOP_ANALYSIS = YES;
				CLANG_WARN_STRICT_PROTOTYPES = YES;
				CLANG_WARN_SUSPICIOUS_MOVE = YES;
				CLANG_WARN_UNGUARDED_AVAILABILITY = YES_AGGRESSIVE;
				CLANG_WARN_UNREACHABLE_CODE = YES;
				CLANG_WARN__DUPLICATE_METHOD_MATCH = YES;
				COPY_PHASE_STRIP = NO;
				DEBUG_INFORMATION_FORMAT = dwarf;
				ENABLE_STRICT_OBJC_MSGSEND = YES;
				ENABLE_TESTABILITY = YES;
				GCC_C_LANGUAGE_STANDARD = gnu11;
				GCC_DYNAMIC_NO_PIC = NO;
				GCC_NO_COMMON_BLOCKS = YES;
				GCC_OPTIMIZATION_LEVEL = 0;
				GCC_PREPROCESSOR_DEFINITIONS = (
					"DEBUG=1",
					"$(inherited)",
				);
				GCC_WARN_64_TO_32_BIT_CONVERSION = YES;
				GCC_WARN_ABOUT_RETURN_TYPE = YES_ERROR;
				GCC_WARN_UNDECLARED_SELECTOR = YES;
				GCC_WARN_UNINITIALIZED_AUTOS = YES_AGGRESSIVE;
				GCC_WARN_UNUSED_FUNCTION = YES;
				GCC_WARN_UNUSED_VARIABLE = YES;
				IPHONEOS_DEPLOYMENT_TARGET = 15.0;
				MTL_ENABLE_DEBUG_INFO = INCLUDE_SOURCE;
				MTL_FAST_MATH = YES;
				ONLY_ACTIVE_ARCH = YES;
				SDKROOT = iphoneos;
				SWIFT_ACTIVE_COMPILATION_CONDITIONS = DEBUG;
				SWIFT_OPTIMIZATION_LEVEL = "-Onone";
			};
			name = Debug;
		};
		BE6CEC75268A8C6200C30C21 /* Release */ = {
			isa = XCBuildConfiguration;
			buildSettings = {
				ALWAYS_SEARCH_USER_PATHS = NO;
				CLANG_ANALYZER_NONNULL = YES;
				CLANG_ANALYZER_NUMBER_OBJECT_CONVERSION = YES_AGGRESSIVE;
				CLANG_CXX_LANGUAGE_STANDARD = "gnu++14";
				CLANG_CXX_LIBRARY = "libc++";
				CLANG_ENABLE_MODULES = YES;
				CLANG_ENABLE_OBJC_ARC = YES;
				CLANG_ENABLE_OBJC_WEAK = YES;
				CLANG_WARN_BLOCK_CAPTURE_AUTORELEASING = YES;
				CLANG_WARN_BOOL_CONVERSION = YES;
				CLANG_WARN_COMMA = YES;
				CLANG_WARN_CONSTANT_CONVERSION = YES;
				CLANG_WARN_DEPRECATED_OBJC_IMPLEMENTATIONS = YES;
				CLANG_WARN_DIRECT_OBJC_ISA_USAGE = YES_ERROR;
				CLANG_WARN_DOCUMENTATION_COMMENTS = YES;
				CLANG_WARN_EMPTY_BODY = YES;
				CLANG_WARN_ENUM_CONVERSION = YES;
				CLANG_WARN_INFINITE_RECURSION = YES;
				CLANG_WARN_INT_CONVERSION = YES;
				CLANG_WARN_NON_LITERAL_NULL_CONVERSION = YES;
				CLANG_WARN_OBJC_IMPLICIT_RETAIN_SELF = YES;
				CLANG_WARN_OBJC_LITERAL_CONVERSION = YES;
				CLANG_WARN_OBJC_ROOT_CLASS = YES_ERROR;
				CLANG_WARN_QUOTED_INCLUDE_IN_FRAMEWORK_HEADER = YES;
				CLANG_WARN_RANGE_LOOP_ANALYSIS = YES;
				CLANG_WARN_STRICT_PROTOTYPES = YES;
				CLANG_WARN_SUSPICIOUS_MOVE = YES;
				CLANG_WARN_UNGUARDED_AVAILABILITY = YES_AGGRESSIVE;
				CLANG_WARN_UNREACHABLE_CODE = YES;
				CLANG_WARN__DUPLICATE_METHOD_MATCH = YES;
				COPY_PHASE_STRIP = NO;
				DEBUG_INFORMATION_FORMAT = "dwarf-with-dsym";
				ENABLE_NS_ASSERTIONS = NO;
				ENABLE_STRICT_OBJC_MSGSEND = YES;
				GCC_C_LANGUAGE_STANDARD = gnu11;
				GCC_NO_COMMON_BLOCKS = YES;
				GCC_WARN_64_TO_32_BIT_CONVERSION = YES;
				GCC_WARN_ABOUT_RETURN_TYPE = YES_ERROR;
				GCC_WARN_UNDECLARED_SELECTOR = YES;
				GCC_WARN_UNINITIALIZED_AUTOS = YES_AGGRESSIVE;
				GCC_WARN_UNUSED_FUNCTION = YES;
				GCC_WARN_UNUSED_VARIABLE = YES;
				IPHONEOS_DEPLOYMENT_TARGET = 15.0;
				MTL_ENABLE_DEBUG_INFO = NO;
				MTL_FAST_MATH = YES;
				SDKROOT = iphoneos;
				SWIFT_COMPILATION_MODE = wholemodule;
				SWIFT_OPTIMIZATION_LEVEL = "-O";
				VALIDATE_PRODUCT = YES;
			};
			name = Release;
		};
		BE6CEC77268A8C6200C30C21 /* Debug */ = {
			isa = XCBuildConfiguration;
			buildSettings = {
				ASSETCATALOG_COMPILER_APPICON_NAME = AppIcon;
				ASSETCATALOG_COMPILER_GLOBAL_ACCENT_COLOR_NAME = AccentColor;
				CODE_SIGN_ENTITLEMENTS = Landmarks1/Landmarks1.entitlements;
				CODE_SIGN_STYLE = Automatic;
				CURRENT_PROJECT_VERSION = 1;
				DEVELOPMENT_ASSET_PATHS = "\"Landmarks1/Preview Content\"";
				DEVELOPMENT_TEAM = M5UP2H8YKX;
				ENABLE_PREVIEWS = YES;
				GENERATE_INFOPLIST_FILE = YES;
				INFOPLIST_KEY_UIApplicationSceneManifest_Generation = YES;
				INFOPLIST_KEY_UIApplicationSupportsIndirectInputEvents = YES;
				INFOPLIST_KEY_UILaunchScreen_Generation = YES;
				INFOPLIST_KEY_UISupportedInterfaceOrientations_iPad = "UIInterfaceOrientationPortrait UIInterfaceOrientationPortraitUpsideDown UIInterfaceOrientationLandscapeLeft UIInterfaceOrientationLandscapeRight";
				INFOPLIST_KEY_UISupportedInterfaceOrientations_iPhone = "UIInterfaceOrientationPortrait UIInterfaceOrientationLandscapeLeft UIInterfaceOrientationLandscapeRight";
				IPHONEOS_DEPLOYMENT_TARGET = 14.0;
				LD_RUNPATH_SEARCH_PATHS = (
					"$(inherited)",
					"@executable_path/Frameworks",
				);
				MARKETING_VERSION = 1.0;
				PRODUCT_BUNDLE_IDENTIFIER = com.pixus.Landmarks1;
				PRODUCT_NAME = "$(TARGET_NAME)";
				SUPPORTS_MACCATALYST = YES;
				SWIFT_EMIT_LOC_STRINGS = YES;
				SWIFT_VERSION = 5.0;
				TARGETED_DEVICE_FAMILY = "1,2";
			};
			name = Debug;
		};
		BE6CEC78268A8C6200C30C21 /* Release */ = {
			isa = XCBuildConfiguration;
			buildSettings = {
				ASSETCATALOG_COMPILER_APPICON_NAME = AppIcon;
				ASSETCATALOG_COMPILER_GLOBAL_ACCENT_COLOR_NAME = AccentColor;
				CODE_SIGN_ENTITLEMENTS = Landmarks1/Landmarks1.entitlements;
				CODE_SIGN_STYLE = Automatic;
				CURRENT_PROJECT_VERSION = 1;
				DEVELOPMENT_ASSET_PATHS = "\"Landmarks1/Preview Content\"";
				DEVELOPMENT_TEAM = M5UP2H8YKX;
				ENABLE_PREVIEWS = YES;
				GENERATE_INFOPLIST_FILE = YES;
				INFOPLIST_KEY_UIApplicationSceneManifest_Generation = YES;
				INFOPLIST_KEY_UIApplicationSupportsIndirectInputEvents = YES;
				INFOPLIST_KEY_UILaunchScreen_Generation = YES;
				INFOPLIST_KEY_UISupportedInterfaceOrientations_iPad = "UIInterfaceOrientationPortrait UIInterfaceOrientationPortraitUpsideDown UIInterfaceOrientationLandscapeLeft UIInterfaceOrientationLandscapeRight";
				INFOPLIST_KEY_UISupportedInterfaceOrientations_iPhone = "UIInterfaceOrientationPortrait UIInterfaceOrientationLandscapeLeft UIInterfaceOrientationLandscapeRight";
				IPHONEOS_DEPLOYMENT_TARGET = 14.0;
				LD_RUNPATH_SEARCH_PATHS = (
					"$(inherited)",
					"@executable_path/Frameworks",
				);
				MARKETING_VERSION = 1.0;
				PRODUCT_BUNDLE_IDENTIFIER = com.pixus.Landmarks1;
				PRODUCT_NAME = "$(TARGET_NAME)";
				SUPPORTS_MACCATALYST = YES;
				SWIFT_EMIT_LOC_STRINGS = YES;
				SWIFT_VERSION = 5.0;
				TARGETED_DEVICE_FAMILY = "1,2";
			};
			name = Release;
		};
/* End XCBuildConfiguration section */

/* Begin XCConfigurationList section */
		BE6CEC63268A8C5F00C30C21 /* Build configuration list for PBXProject "Landmarks1" */ = {
			isa = XCConfigurationList;
			buildConfigurations = (
				BE6CEC74268A8C6200C30C21 /* Debug */,
				BE6CEC75268A8C6200C30C21 /* Release */,
			);
			defaultConfigurationIsVisible = 0;
			defaultConfigurationName = Release;
		};
		BE6CEC76268A8C6200C30C21 /* Build configuration list for PBXNativeTarget "Landmarks1" */ = {
			isa = XCConfigurationList;
			buildConfigurations = (
				BE6CEC77268A8C6200C30C21 /* Debug */,
				BE6CEC78268A8C6200C30C21 /* Release */,
			);
			defaultConfigurationIsVisible = 0;
			defaultConfigurationName = Release;
		};
/* End XCConfigurationList section */
	};
	rootObject = BE6CEC60268A8C5F00C30C21 /* Project object */;
}
